// !$*UTF8*$!
{
	archiveVersion = 1;
	classes = {
	};
	objectVersion = 46;
	objects = {

/* Begin PBXBuildFile section */
		34EE7F7C1AA4C8C900F0F1DE /* main.m in Sources */ = {isa = PBXBuildFile; fileRef = 34EE7F7B1AA4C8C900F0F1DE /* main.m */; };
		34EE7F7F1AA4C8C900F0F1DE /* AppDelegate.m in Sources */ = {isa = PBXBuildFile; fileRef = 34EE7F7E1AA4C8C900F0F1DE /* AppDelegate.m */; };
		34EE7F821AA4C8C900F0F1DE /* ViewController.m in Sources */ = {isa = PBXBuildFile; fileRef = 34EE7F811AA4C8C900F0F1DE /* ViewController.m */; };
		34EE7F851AA4C8C900F0F1DE /* Main.storyboard in Resources */ = {isa = PBXBuildFile; fileRef = 34EE7F831AA4C8C900F0F1DE /* Main.storyboard */; };
		34EE7F871AA4C8C900F0F1DE /* Images.xcassets in Resources */ = {isa = PBXBuildFile; fileRef = 34EE7F861AA4C8C900F0F1DE /* Images.xcassets */; };
		34EE7F8A1AA4C8C900F0F1DE /* LaunchScreen.xib in Resources */ = {isa = PBXBuildFile; fileRef = 34EE7F881AA4C8C900F0F1DE /* LaunchScreen.xib */; };
		34EE7F961AA4C8C900F0F1DE /* PongTests.m in Sources */ = {isa = PBXBuildFile; fileRef = 34EE7F951AA4C8C900F0F1DE /* PongTests.m */; };
/* End PBXBuildFile section */

/* Begin PBXContainerItemProxy section */
		34EE7F901AA4C8C900F0F1DE /* PBXContainerItemProxy */ = {
			isa = PBXContainerItemProxy;
			containerPortal = 34EE7F6E1AA4C8C900F0F1DE /* Project object */;
			proxyType = 1;
			remoteGlobalIDString = 34EE7F751AA4C8C900F0F1DE;
			remoteInfo = Pong;
		};
/* End PBXContainerItemProxy section */

/* Begin PBXFileReference section */
		34EE7F761AA4C8C900F0F1DE /* Pong.app */ = {isa = PBXFileReference; explicitFileType = wrapper.application; includeInIndex = 0; path = Pong.app; sourceTree = BUILT_PRODUCTS_DIR; };
		34EE7F7A1AA4C8C900F0F1DE /* Info.plist */ = {isa = PBXFileReference; lastKnownFileType = text.plist.xml; path = Info.plist; sourceTree = "<group>"; };
		34EE7F7B1AA4C8C900F0F1DE /* main.m */ = {isa = PBXFileReference; lastKnownFileType = sourcecode.c.objc; path = main.m; sourceTree = "<group>"; };
		34EE7F7D1AA4C8C900F0F1DE /* AppDelegate.h */ = {isa = PBXFileReference; lastKnownFileType = sourcecode.c.h; path = AppDelegate.h; sourceTree = "<group>"; };
		34EE7F7E1AA4C8C900F0F1DE /* AppDelegate.m */ = {isa = PBXFileReference; lastKnownFileType = sourcecode.c.objc; path = AppDelegate.m; sourceTree = "<group>"; };
		34EE7F801AA4C8C900F0F1DE /* ViewController.h */ = {isa = PBXFileReference; lastKnownFileType = sourcecode.c.h; path = ViewController.h; sourceTree = "<group>"; };
		34EE7F811AA4C8C900F0F1DE /* ViewController.m */ = {isa = PBXFileReference; lastKnownFileType = sourcecode.c.objc; path = ViewController.m; sourceTree = "<group>"; };
		34EE7F841AA4C8C900F0F1DE /* Base */ = {isa = PBXFileReference; lastKnownFileType = file.storyboard; name = Base; path = Base.lproj/Main.storyboard; sourceTree = "<group>"; };
		34EE7F861AA4C8C900F0F1DE /* Images.xcassets */ = {isa = PBXFileReference; lastKnownFileType = folder.assetcatalog; path = Images.xcassets; sourceTree = "<group>"; };
		34EE7F891AA4C8C900F0F1DE /* Base */ = {isa = PBXFileReference; lastKnownFileType = file.xib; name = Base; path = Base.lproj/LaunchScreen.xib; sourceTree = "<group>"; };
		34EE7F8F1AA4C8C900F0F1DE /* PongTests.xctest */ = {isa = PBXFileReference; explicitFileType = wrapper.cfbundle; includeInIndex = 0; path = PongTests.xctest; sourceTree = BUILT_PRODUCTS_DIR; };
		34EE7F941AA4C8C900F0F1DE /* Info.plist */ = {isa = PBXFileReference; lastKnownFileType = text.plist.xml; path = Info.plist; sourceTree = "<group>"; };
		34EE7F951AA4C8C900F0F1DE /* PongTests.m */ = {isa = PBXFileReference; lastKnownFileType = sourcecode.c.objc; path = PongTests.m; sourceTree = "<group>"; };
/* End PBXFileReference section */

/* Begin PBXFrameworksBuildPhase section */
		34EE7F731AA4C8C900F0F1DE /* Frameworks */ = {
			isa = PBXFrameworksBuildPhase;
			buildActionMask = 2147483647;
			files = (
			);
			runOnlyForDeploymentPostprocessing = 0;
		};
		34EE7F8C1AA4C8C900F0F1DE /* Frameworks */ = {
			isa = PBXFrameworksBuildPhase;
			buildActionMask = 2147483647;
			files = (
			);
			runOnlyForDeploymentPostprocessing = 0;
		};
/* End PBXFrameworksBuildPhase section */

/* Begin PBXGroup section */
		34EE7F6D1AA4C8C900F0F1DE = {
			isa = PBXGroup;
			children = (
				34EE7F781AA4C8C900F0F1DE /* Pong */,
				34EE7F921AA4C8C900F0F1DE /* PongTests */,
				34EE7F771AA4C8C900F0F1DE /* Products */,
			);
			sourceTree = "<group>";
		};
		34EE7F771AA4C8C900F0F1DE /* Products */ = {
			isa = PBXGroup;
			children = (
				34EE7F761AA4C8C900F0F1DE /* Pong.app */,
				34EE7F8F1AA4C8C900F0F1DE /* PongTests.xctest */,
			);
			name = Products;
			sourceTree = "<group>";
		};
		34EE7F781AA4C8C900F0F1DE /* Pong */ = {
			isa = PBXGroup;
			children = (
				34EE7F7D1AA4C8C900F0F1DE /* AppDelegate.h */,
				34EE7F7E1AA4C8C900F0F1DE /* AppDelegate.m */,
				34EE7F801AA4C8C900F0F1DE /* ViewController.h */,
				34EE7F811AA4C8C900F0F1DE /* ViewController.m */,
				34EE7F831AA4C8C900F0F1DE /* Main.storyboard */,
				34EE7F861AA4C8C900F0F1DE /* Images.xcassets */,
				34EE7F881AA4C8C900F0F1DE /* LaunchScreen.xib */,
				34EE7F791AA4C8C900F0F1DE /* Supporting Files */,
			);
			path = Pong;
			sourceTree = "<group>";
		};
		34EE7F791AA4C8C900F0F1DE /* Supporting Files */ = {
			isa = PBXGroup;
			children = (
				34EE7F7A1AA4C8C900F0F1DE /* Info.plist */,
				34EE7F7B1AA4C8C900F0F1DE /* main.m */,
			);
			name = "Supporting Files";
			sourceTree = "<group>";
		};
		34EE7F921AA4C8C900F0F1DE /* PongTests */ = {
			isa = PBXGroup;
			children = (
				34EE7F951AA4C8C900F0F1DE /* PongTests.m */,
				34EE7F931AA4C8C900F0F1DE /* Supporting Files */,
			);
			path = PongTests;
			sourceTree = "<group>";
		};
		34EE7F931AA4C8C900F0F1DE /* Supporting Files */ = {
			isa = PBXGroup;
			children = (
				34EE7F941AA4C8C900F0F1DE /* Info.plist */,
			);
			name = "Supporting Files";
			sourceTree = "<group>";
		};
/* End PBXGroup section */

/* Begin PBXNativeTarget section */
		34EE7F751AA4C8C900F0F1DE /* Pong */ = {
			isa = PBXNativeTarget;
			buildConfigurationList = 34EE7F991AA4C8C900F0F1DE /* Build configuration list for PBXNativeTarget "Pong" */;
			buildPhases = (
				34EE7F721AA4C8C900F0F1DE /* Sources */,
				34EE7F731AA4C8C900F0F1DE /* Frameworks */,
				34EE7F741AA4C8C900F0F1DE /* Resources */,
			);
			buildRules = (
			);
			dependencies = (
			);
			name = Pong;
			productName = Pong;
			productReference = 34EE7F761AA4C8C900F0F1DE /* Pong.app */;
			productType = "com.apple.product-type.application";
		};
		34EE7F8E1AA4C8C900F0F1DE /* PongTests */ = {
			isa = PBXNativeTarget;
			buildConfigurationList = 34EE7F9C1AA4C8C900F0F1DE /* Build configuration list for PBXNativeTarget "PongTests" */;
			buildPhases = (
				34EE7F8B1AA4C8C900F0F1DE /* Sources */,
				34EE7F8C1AA4C8C900F0F1DE /* Frameworks */,
				34EE7F8D1AA4C8C900F0F1DE /* Resources */,
			);
			buildRules = (
			);
			dependencies = (
				34EE7F911AA4C8C900F0F1DE /* PBXTargetDependency */,
			);
			name = PongTests;
			productName = PongTests;
			productReference = 34EE7F8F1AA4C8C900F0F1DE /* PongTests.xctest */;
			productType = "com.apple.product-type.bundle.unit-test";
		};
/* End PBXNativeTarget section */

/* Begin PBXProject section */
		34EE7F6E1AA4C8C900F0F1DE /* Project object */ = {
			isa = PBXProject;
			attributes = {
				LastUpgradeCheck = 0610;
				ORGANIZATIONNAME = "Jonathan French";
				TargetAttributes = {
					34EE7F751AA4C8C900F0F1DE = {
						CreatedOnToolsVersion = 6.1.1;
					};
					34EE7F8E1AA4C8C900F0F1DE = {
						CreatedOnToolsVersion = 6.1.1;
						TestTargetID = 34EE7F751AA4C8C900F0F1DE;
					};
				};
			};
			buildConfigurationList = 34EE7F711AA4C8C900F0F1DE /* Build configuration list for PBXProject "Pong" */;
			compatibilityVersion = "Xcode 3.2";
			developmentRegion = English;
			hasScannedForEncodings = 0;
			knownRegions = (
				en,
				Base,
			);
			mainGroup = 34EE7F6D1AA4C8C900F0F1DE;
			productRefGroup = 34EE7F771AA4C8C900F0F1DE /* Products */;
			projectDirPath = "";
			projectRoot = "";
			targets = (
				34EE7F751AA4C8C900F0F1DE /* Pong */,
				34EE7F8E1AA4C8C900F0F1DE /* PongTests */,
			);
		};
/* End PBXProject section */

/* Begin PBXResourcesBuildPhase section */
		34EE7F741AA4C8C900F0F1DE /* Resources */ = {
			isa = PBXResourcesBuildPhase;
			buildActionMask = 2147483647;
			files = (
				34EE7F851AA4C8C900F0F1DE /* Main.storyboard in Resources */,
				34EE7F8A1AA4C8C900F0F1DE /* LaunchScreen.xib in Resources */,
				34EE7F871AA4C8C900F0F1DE /* Images.xcassets in Resources */,
			);
			runOnlyForDeploymentPostprocessing = 0;
		};
		34EE7F8D1AA4C8C900F0F1DE /* Resources */ = {
			isa = PBXResourcesBuildPhase;
			buildActionMask = 2147483647;
			files = (
			);
			runOnlyForDeploymentPostprocessing = 0;
		};
/* End PBXResourcesBuildPhase section */

/* Begin PBXSourcesBuildPhase section */
		34EE7F721AA4C8C900F0F1DE /* Sources */ = {
			isa = PBXSourcesBuildPhase;
			buildActionMask = 2147483647;
			files = (
				34EE7F821AA4C8C900F0F1DE /* ViewController.m in Sources */,
				34EE7F7F1AA4C8C900F0F1DE /* AppDelegate.m in Sources */,
				34EE7F7C1AA4C8C900F0F1DE /* main.m in Sources */,
			);
			runOnlyForDeploymentPostprocessing = 0;
		};
		34EE7F8B1AA4C8C900F0F1DE /* Sources */ = {
			isa = PBXSourcesBuildPhase;
			buildActionMask = 2147483647;
			files = (
				34EE7F961AA4C8C900F0F1DE /* PongTests.m in Sources */,
			);
			runOnlyForDeploymentPostprocessing = 0;
		};
/* End PBXSourcesBuildPhase section */

/* Begin PBXTargetDependency section */
		34EE7F911AA4C8C900F0F1DE /* PBXTargetDependency */ = {
			isa = PBXTargetDependency;
			target = 34EE7F751AA4C8C900F0F1DE /* Pong */;
			targetProxy = 34EE7F901AA4C8C900F0F1DE /* PBXContainerItemProxy */;
		};
/* End PBXTargetDependency section */

/* Begin PBXVariantGroup section */
		34EE7F831AA4C8C900F0F1DE /* Main.storyboard */ = {
			isa = PBXVariantGroup;
			children = (
				34EE7F841AA4C8C900F0F1DE /* Base */,
			);
			name = Main.storyboard;
			sourceTree = "<group>";
		};
		34EE7F881AA4C8C900F0F1DE /* LaunchScreen.xib */ = {
			isa = PBXVariantGroup;
			children = (
				34EE7F891AA4C8C900F0F1DE /* Base */,
			);
			name = LaunchScreen.xib;
			sourceTree = "<group>";
		};
/* End PBXVariantGroup section */

/* Begin XCBuildConfiguration section */
		34EE7F971AA4C8C900F0F1DE /* Debug */ = {
			isa = XCBuildConfiguration;
			buildSettings = {
				ALWAYS_SEARCH_USER_PATHS = NO;
				CLANG_CXX_LANGUAGE_STANDARD = "gnu++0x";
				CLANG_CXX_LIBRARY = "libc++";
				CLANG_ENABLE_MODULES = YES;
				CLANG_ENABLE_OBJC_ARC = YES;
				CLANG_WARN_BOOL_CONVERSION = YES;
				CLANG_WARN_CONSTANT_CONVERSION = YES;
				CLANG_WARN_DIRECT_OBJC_ISA_USAGE = YES_ERROR;
				CLANG_WARN_EMPTY_BODY = YES;
				CLANG_WARN_ENUM_CONVERSION = YES;
				CLANG_WARN_INT_CONVERSION = YES;
				CLANG_WARN_OBJC_ROOT_CLASS = YES_ERROR;
				CLANG_WARN_UNREACHABLE_CODE = YES;
				CLANG_WARN__DUPLICATE_METHOD_MATCH = YES;
				"CODE_SIGN_IDENTITY[sdk=iphoneos*]" = "iPhone Developer";
				COPY_PHASE_STRIP = NO;
				ENABLE_STRICT_OBJC_MSGSEND = YES;
				GCC_C_LANGUAGE_STANDARD = gnu99;
				GCC_DYNAMIC_NO_PIC = NO;
				GCC_OPTIMIZATION_LEVEL = 0;
				GCC_PREPROCESSOR_DEFINITIONS = (
					"DEBUG=1",
					"$(inherited)",
				);
				GCC_SYMBOLS_PRIVATE_EXTERN = NO;
				GCC_WARN_64_TO_32_BIT_CONVERSION = YES;
				GCC_WARN_ABOUT_RETURN_TYPE = YES_ERROR;
				GCC_WARN_UNDECLARED_SELECTOR = YES;
				GCC_WARN_UNINITIALIZED_AUTOS = YES_AGGRESSIVE;
				GCC_WARN_UNUSED_FUNCTION = YES;
				GCC_WARN_UNUSED_VARIABLE = YES;
				IPHONEOS_DEPLOYMENT_TARGET = 8.1;
				MTL_ENABLE_DEBUG_INFO = YES;
				ONLY_ACTIVE_ARCH = YES;
				SDKROOT = iphoneos;
				TARGETED_DEVICE_FAMILY = "1,2";
			};
			name = Debug;
		};
		34EE7F981AA4C8C900F0F1DE /* Release */ = {
			isa = XCBuildConfiguration;
			buildSettings = {
				ALWAYS_SEARCH_USER_PATHS = NO;
				CLANG_CXX_LANGUAGE_STANDARD = "gnu++0x";
				CLANG_CXX_LIBRARY = "libc++";
				CLANG_ENABLE_MODULES = YES;
				CLANG_ENABLE_OBJC_ARC = YES;
				CLANG_WARN_BOOL_CONVERSION = YES;
				CLANG_WARN_CONSTANT_CONVERSION = YES;
				CLANG_WARN_DIRECT_OBJC_ISA_USAGE = YES_ERROR;
				CLANG_WARN_EMPTY_BODY = YES;
				CLANG_WARN_ENUM_CONVERSION = YES;
				CLANG_WARN_INT_CONVERSION = YES;
				CLANG_WARN_OBJC_ROOT_CLASS = YES_ERROR;
				CLANG_WARN_UNREACHABLE_CODE = YES;
				CLANG_WARN__DUPLICATE_METHOD_MATCH = YES;
				"CODE_SIGN_IDENTITY[sdk=iphoneos*]" = "iPhone Developer";
				COPY_PHASE_STRIP = YES;
				ENABLE_NS_ASSERTIONS = NO;
				ENABLE_STRICT_OBJC_MSGSEND = YES;
				GCC_C_LANGUAGE_STANDARD = gnu99;
				GCC_WARN_64_TO_32_BIT_CONVERSION = YES;
				GCC_WARN_ABOUT_RETURN_TYPE = YES_ERROR;
				GCC_WARN_UNDECLARED_SELECTOR = YES;
				GCC_WARN_UNINITIALIZED_AUTOS = YES_AGGRESSIVE;
				GCC_WARN_UNUSED_FUNCTION = YES;
				GCC_WARN_UNUSED_VARIABLE = YES;
				IPHONEOS_DEPLOYMENT_TARGET = 8.1;
				MTL_ENABLE_DEBUG_INFO = NO;
				SDKROOT = iphoneos;
				TARGETED_DEVICE_FAMILY = "1,2";
				VALIDATE_PRODUCT = YES;
			};
			name = Release;
		};
		34EE7F9A1AA4C8C900F0F1DE /* Debug */ = {
			isa = XCBuildConfiguration;
			buildSettings = {
				ASSETCATALOG_COMPILER_APPICON_NAME = AppIcon;
				INFOPLIST_FILE = Pong/Info.plist;
				LD_RUNPATH_SEARCH_PATHS = "$(inherited) @executable_path/Frameworks";
				PRODUCT_NAME = "$(TARGET_NAME)";
			};
			name = Debug;
		};
		34EE7F9B1AA4C8C900F0F1DE /* Release */ = {
			isa = XCBuildConfiguration;
			buildSettings = {
				ASSETCATALOG_COMPILER_APPICON_NAME = AppIcon;
				INFOPLIST_FILE = Pong/Info.plist;
				LD_RUNPATH_SEARCH_PATHS = "$(inherited) @executable_path/Frameworks";
				PRODUCT_NAME = "$(TARGET_NAME)";
			};
			name = Release;
		};
		34EE7F9D1AA4C8C900F0F1DE /* Debug */ = {
			isa = XCBuildConfiguration;
			buildSettings = {
				BUNDLE_LOADER = "$(TEST_HOST)";
				FRAMEWORK_SEARCH_PATHS = (
					"$(SDKROOT)/Developer/Library/Frameworks",
					"$(inherited)",
				);
				GCC_PREPROCESSOR_DEFINITIONS = (
					"DEBUG=1",
					"$(inherited)",
				);
				INFOPLIST_FILE = PongTests/Info.plist;
				LD_RUNPATH_SEARCH_PATHS = "$(inherited) @executable_path/Frameworks @loader_path/Frameworks";
				PRODUCT_NAME = "$(TARGET_NAME)";
				TEST_HOST = "$(BUILT_PRODUCTS_DIR)/Pong.app/Pong";
			};
			name = Debug;
		};
		34EE7F9E1AA4C8C900F0F1DE /* Release */ = {
			isa = XCBuildConfiguration;
			buildSettings = {
				BUNDLE_LOADER = "$(TEST_HOST)";
				FRAMEWORK_SEARCH_PATHS = (
					"$(SDKROOT)/Developer/Library/Frameworks",
					"$(inherited)",
				);
				INFOPLIST_FILE = PongTests/Info.plist;
				LD_RUNPATH_SEARCH_PATHS = "$(inherited) @executable_path/Frameworks @loader_path/Frameworks";
				PRODUCT_NAME = "$(TARGET_NAME)";
				TEST_HOST = "$(BUILT_PRODUCTS_DIR)/Pong.app/Pong";
			};
			name = Release;
		};
/* End XCBuildConfiguration section */

/* Begin XCConfigurationList section */
		34EE7F711AA4C8C900F0F1DE /* Build configuration list for PBXProject "Pong" */ = {
			isa = XCConfigurationList;
			buildConfigurations = (
				34EE7F971AA4C8C900F0F1DE /* Debug */,
				34EE7F981AA4C8C900F0F1DE /* Release */,
			);
			defaultConfigurationIsVisible = 0;
			defaultConfigurationName = Release;
		};
		34EE7F991AA4C8C900F0F1DE /* Build configuration list for PBXNativeTarget "Pong" */ = {
			isa = XCConfigurationList;
			buildConfigurations = (
				34EE7F9A1AA4C8C900F0F1DE /* Debug */,
				34EE7F9B1AA4C8C900F0F1DE /* Release */,
			);
			defaultConfigurationIsVisible = 0;
		};
		34EE7F9C1AA4C8C900F0F1DE /* Build configuration list for PBXNativeTarget "PongTests" */ = {
			isa = XCConfigurationList;
			buildConfigurations = (
				34EE7F9D1AA4C8C900F0F1DE /* Debug */,
				34EE7F9E1AA4C8C900F0F1DE /* Release */,
			);
			defaultConfigurationIsVisible = 0;
		};
/* End XCConfigurationList section */
	};
	rootObject = 34EE7F6E1AA4C8C900F0F1DE /* Project object */;
}
